
Microsoft Visual Studio Solution File, Format Version 12.00
# Visual Studio Version 17
VisualStudioVersion = 17.5.33627.172
MinimumVisualStudioVersion = 10.0.40219.1
Project("{FAE04EC0-301F-11D3-BF4B-00C04F79EFBC}") = "CodeAdvent2023", "CodeAdvent2023.csproj", "{6A6251D5-375F-4AA7-A57B-7841C7B71E1B}"
EndProject
Global
	GlobalSection(SolutionConfigurationPlatforms) = preSolution
		Debug|Any CPU = Debug|Any CPU
		Release|Any CPU = Release|Any CPU
	EndGlobalSection
	GlobalSection(ProjectConfigurationPlatforms) = postSolution
		{6A6251D5-375F-4AA7-A57B-7841C7B71E1B}.Debug|Any CPU.ActiveCfg = Debug|Any CPU
		{6A6251D5-375F-4AA7-A57B-7841C7B71E1B}.Debug|Any CPU.Build.0 = Debug|Any CPU
		{6A6251D5-375F-4AA7-A57B-7841C7B71E1B}.Release|Any CPU.ActiveCfg = Release|Any CPU
		{6A6251D5-375F-4AA7-A57B-7841C7B71E1B}.Release|Any CPU.Build.0 = Release|Any CPU
	EndGlobalSection
	GlobalSection(SolutionProperties) = preSolution
		HideSolutionNode = FALSE
	EndGlobalSection
	GlobalSection(ExtensibilityGlobals) = postSolution
		SolutionGuid = {634F3AD0-7D67-47D3-B855-6C9BD8B4F841}
	EndGlobalSection
EndGlobal
